# This file is automatically @generated by Poetry 2.2.1 and should not be changed by hand.

[[package]]
name = "faker"
version = "38.2.0"
description = "Faker is a Python package that generates fake data for you."
optional = false
python-versions = ">=3.10"
groups = ["main"]
files = [
    {file = "faker-38.2.0-py3-none-any.whl", hash = "sha256:35fe4a0a79dee0dc4103a6083ee9224941e7d3594811a50e3969e547b0d2ee65"},
    {file = "faker-38.2.0.tar.gz", hash = "sha256:20672803db9c7cb97f9b56c18c54b915b6f1d8991f63d1d673642dc43f5ce7ab"},
]

[package.dependencies]
tzdata = "*"

[[package]]
name = "tzdata"
version = "2025.3"
description = "Provider of IANA time zone data"
optional = false
python-versions = ">=2"
groups = ["main"]
files = [
    {file = "tzdata-2025.3-py2.py3-none-any.whl", hash = "sha256:06a47e5700f3081aab02b2e513160914ff0694bce9947d6b76ebd6bf57cfc5d1"},
    {file = "tzdata-2025.3.tar.gz", hash = "sha256:de39c2ca5dc7b0344f2eba86f49d614019d29f060fc4ebc8a417896a620b56a7"},
]

[metadata]
lock-version = "2.1"
python-versions = ">=3.13"
content-hash = "64409e7f2e2be9ed34c8204960f400e446e751ab59388e123507153ecf9cd826"
